
Microsoft Visual Studio Solution File, Format Version 12.00
Project("{FAE04EC0-301F-11D3-BF4B-00C04F79EFBC}") = "WebApp", "WebApp\WebApp.csproj", "{6F2AA293-A714-4A50-9A6C-E82D94511E60}"
EndProject
Project("{FAE04EC0-301F-11D3-BF4B-00C04F79EFBC}") = "App.DAL.EF", "App.DAL.EF\App.DAL.EF.csproj", "{B7E80F2E-8071-4357-A8A6-EB1350543F8B}"
EndProject
Project("{FAE04EC0-301F-11D3-BF4B-00C04F79EFBC}") = "App.Domain", "App.Domain\App.Domain.csproj", "{9C098622-11B0-4114-A15E-A8CBCD1A713A}"
EndProject
Project("{FAE04EC0-301F-11D3-BF4B-00C04F79EFBC}") = "Base.Domain", "Base.Domain\Base.Domain.csproj", "{5C89982D-CE45-40AC-ACDA-3E36AB40843E}"
EndProject
Project("{FAE04EC0-301F-11D3-BF4B-00C04F79EFBC}") = "Base.Contracts.Domain", "Base.Contracts.Domain\Base.Contracts.Domain.csproj", "{37B8D2D9-7BB3-4CD6-95E6-52C2D5D0588C}"
EndProject
Project("{2150E333-8FDC-42A3-9474-1A3956D46DE8}") = "SolutionItems", "SolutionItems", "{CC4F94BC-803E-481E-98C1-DB26ABA3C048}"
	ProjectSection(SolutionItems) = preProject
		.gitignore = .gitignore
		Directory.Build.props = Directory.Build.props
		docker-compose.yml = docker-compose.yml
		README.md = README.md
		TODO.md = TODO.md
	EndProjectSection
EndProject
Project("{2150E333-8FDC-42A3-9474-1A3956D46DE8}") = "App", "App", "{4F71A9E6-74BF-46D8-8B80-C883C56FDF35}"
EndProject
Project("{2150E333-8FDC-42A3-9474-1A3956D46DE8}") = "Base", "Base", "{853F1AF2-97CC-449D-A411-80A849FCD23A}"
EndProject
Project("{2150E333-8FDC-42A3-9474-1A3956D46DE8}") = "Contracts", "Contracts", "{E2B2DD50-CF4E-49F1-BDF5-3BEC3D4306DC}"
EndProject
Project("{FAE04EC0-301F-11D3-BF4B-00C04F79EFBC}") = "App.DTO.Public", "App.DTO.Public\App.DTO.Public.csproj", "{8127045E-91D9-4E3D-A3AF-B0F578C1690C}"
EndProject
Project("{FAE04EC0-301F-11D3-BF4B-00C04F79EFBC}") = "Base.Helpers", "Base.Helpers\Base.Helpers.csproj", "{3D9AEAE9-EB4E-42CC-9F15-37E0A69313FB}"
EndProject
Project("{FAE04EC0-301F-11D3-BF4B-00C04F79EFBC}") = "App.Helpers", "App.Helpers\App.Helpers.csproj", "{9EFE5C74-664F-4DD8-BEF3-8FF07EB04733}"
EndProject
Project("{FAE04EC0-301F-11D3-BF4B-00C04F79EFBC}") = "Base.DAL.EF", "Base.DAL.EF\Base.DAL.EF.csproj", "{4864FB81-6C8C-4C63-AEDE-AF9FEF6D5901}"
EndProject
Project("{FAE04EC0-301F-11D3-BF4B-00C04F79EFBC}") = "Base.Contracts.DAL", "Base.Contracts.DAL\Base.Contracts.DAL.csproj", "{80FB7F20-EECA-42C3-BE53-00FAC26DE715}"
EndProject
Project("{2150E333-8FDC-42A3-9474-1A3956D46DE8}") = "Contracts", "Contracts", "{C3C961DA-83B3-4F56-9667-E0C9718D158F}"
EndProject
Project("{FAE04EC0-301F-11D3-BF4B-00C04F79EFBC}") = "App.Contracts.DAL", "App.Contracts.DAL\App.Contracts.DAL.csproj", "{FC607DE8-D16A-4627-A9E5-D69A87986CCA}"
EndProject
Project("{FAE04EC0-301F-11D3-BF4B-00C04F79EFBC}") = "App.DTO.Private", "App.DTO.Private\App.DTO.Private.csproj", "{AC65CA59-AB21-4B41-97BD-FF12FE75E520}"
EndProject
Global
	GlobalSection(SolutionConfigurationPlatforms) = preSolution
		Debug|Any CPU = Debug|Any CPU
		Release|Any CPU = Release|Any CPU
	EndGlobalSection
	GlobalSection(ProjectConfigurationPlatforms) = postSolution
		{6F2AA293-A714-4A50-9A6C-E82D94511E60}.Debug|Any CPU.ActiveCfg = Debug|Any CPU
		{6F2AA293-A714-4A50-9A6C-E82D94511E60}.Debug|Any CPU.Build.0 = Debug|Any CPU
		{6F2AA293-A714-4A50-9A6C-E82D94511E60}.Release|Any CPU.ActiveCfg = Release|Any CPU
		{6F2AA293-A714-4A50-9A6C-E82D94511E60}.Release|Any CPU.Build.0 = Release|Any CPU
		{B7E80F2E-8071-4357-A8A6-EB1350543F8B}.Debug|Any CPU.ActiveCfg = Debug|Any CPU
		{B7E80F2E-8071-4357-A8A6-EB1350543F8B}.Debug|Any CPU.Build.0 = Debug|Any CPU
		{B7E80F2E-8071-4357-A8A6-EB1350543F8B}.Release|Any CPU.ActiveCfg = Release|Any CPU
		{B7E80F2E-8071-4357-A8A6-EB1350543F8B}.Release|Any CPU.Build.0 = Release|Any CPU
		{9C098622-11B0-4114-A15E-A8CBCD1A713A}.Debug|Any CPU.ActiveCfg = Debug|Any CPU
		{9C098622-11B0-4114-A15E-A8CBCD1A713A}.Debug|Any CPU.Build.0 = Debug|Any CPU
		{9C098622-11B0-4114-A15E-A8CBCD1A713A}.Release|Any CPU.ActiveCfg = Release|Any CPU
		{9C098622-11B0-4114-A15E-A8CBCD1A713A}.Release|Any CPU.Build.0 = Release|Any CPU
		{5C89982D-CE45-40AC-ACDA-3E36AB40843E}.Debug|Any CPU.ActiveCfg = Debug|Any CPU
		{5C89982D-CE45-40AC-ACDA-3E36AB40843E}.Debug|Any CPU.Build.0 = Debug|Any CPU
		{5C89982D-CE45-40AC-ACDA-3E36AB40843E}.Release|Any CPU.ActiveCfg = Release|Any CPU
		{5C89982D-CE45-40AC-ACDA-3E36AB40843E}.Release|Any CPU.Build.0 = Release|Any CPU
		{37B8D2D9-7BB3-4CD6-95E6-52C2D5D0588C}.Debug|Any CPU.ActiveCfg = Debug|Any CPU
		{37B8D2D9-7BB3-4CD6-95E6-52C2D5D0588C}.Debug|Any CPU.Build.0 = Debug|Any CPU
		{37B8D2D9-7BB3-4CD6-95E6-52C2D5D0588C}.Release|Any CPU.ActiveCfg = Release|Any CPU
		{37B8D2D9-7BB3-4CD6-95E6-52C2D5D0588C}.Release|Any CPU.Build.0 = Release|Any CPU
		{8127045E-91D9-4E3D-A3AF-B0F578C1690C}.Debug|Any CPU.ActiveCfg = Debug|Any CPU
		{8127045E-91D9-4E3D-A3AF-B0F578C1690C}.Debug|Any CPU.Build.0 = Debug|Any CPU
		{8127045E-91D9-4E3D-A3AF-B0F578C1690C}.Release|Any CPU.ActiveCfg = Release|Any CPU
		{8127045E-91D9-4E3D-A3AF-B0F578C1690C}.Release|Any CPU.Build.0 = Release|Any CPU
		{3D9AEAE9-EB4E-42CC-9F15-37E0A69313FB}.Debug|Any CPU.ActiveCfg = Debug|Any CPU
		{3D9AEAE9-EB4E-42CC-9F15-37E0A69313FB}.Debug|Any CPU.Build.0 = Debug|Any CPU
		{3D9AEAE9-EB4E-42CC-9F15-37E0A69313FB}.Release|Any CPU.ActiveCfg = Release|Any CPU
		{3D9AEAE9-EB4E-42CC-9F15-37E0A69313FB}.Release|Any CPU.Build.0 = Release|Any CPU
		{9EFE5C74-664F-4DD8-BEF3-8FF07EB04733}.Debug|Any CPU.ActiveCfg = Debug|Any CPU
		{9EFE5C74-664F-4DD8-BEF3-8FF07EB04733}.Debug|Any CPU.Build.0 = Debug|Any CPU
		{9EFE5C74-664F-4DD8-BEF3-8FF07EB04733}.Release|Any CPU.ActiveCfg = Release|Any CPU
		{9EFE5C74-664F-4DD8-BEF3-8FF07EB04733}.Release|Any CPU.Build.0 = Release|Any CPU
		{4864FB81-6C8C-4C63-AEDE-AF9FEF6D5901}.Debug|Any CPU.ActiveCfg = Debug|Any CPU
		{4864FB81-6C8C-4C63-AEDE-AF9FEF6D5901}.Debug|Any CPU.Build.0 = Debug|Any CPU
		{4864FB81-6C8C-4C63-AEDE-AF9FEF6D5901}.Release|Any CPU.ActiveCfg = Release|Any CPU
		{4864FB81-6C8C-4C63-AEDE-AF9FEF6D5901}.Release|Any CPU.Build.0 = Release|Any CPU
		{80FB7F20-EECA-42C3-BE53-00FAC26DE715}.Debug|Any CPU.ActiveCfg = Debug|Any CPU
		{80FB7F20-EECA-42C3-BE53-00FAC26DE715}.Debug|Any CPU.Build.0 = Debug|Any CPU
		{80FB7F20-EECA-42C3-BE53-00FAC26DE715}.Release|Any CPU.ActiveCfg = Release|Any CPU
		{80FB7F20-EECA-42C3-BE53-00FAC26DE715}.Release|Any CPU.Build.0 = Release|Any CPU
		{FC607DE8-D16A-4627-A9E5-D69A87986CCA}.Debug|Any CPU.ActiveCfg = Debug|Any CPU
		{FC607DE8-D16A-4627-A9E5-D69A87986CCA}.Debug|Any CPU.Build.0 = Debug|Any CPU
		{FC607DE8-D16A-4627-A9E5-D69A87986CCA}.Release|Any CPU.ActiveCfg = Release|Any CPU
		{FC607DE8-D16A-4627-A9E5-D69A87986CCA}.Release|Any CPU.Build.0 = Release|Any CPU
		{AC65CA59-AB21-4B41-97BD-FF12FE75E520}.Debug|Any CPU.ActiveCfg = Debug|Any CPU
		{AC65CA59-AB21-4B41-97BD-FF12FE75E520}.Debug|Any CPU.Build.0 = Debug|Any CPU
		{AC65CA59-AB21-4B41-97BD-FF12FE75E520}.Release|Any CPU.ActiveCfg = Release|Any CPU
		{AC65CA59-AB21-4B41-97BD-FF12FE75E520}.Release|Any CPU.Build.0 = Release|Any CPU
	EndGlobalSection
	GlobalSection(NestedProjects) = preSolution
		{B7E80F2E-8071-4357-A8A6-EB1350543F8B} = {4F71A9E6-74BF-46D8-8B80-C883C56FDF35}
		{9C098622-11B0-4114-A15E-A8CBCD1A713A} = {4F71A9E6-74BF-46D8-8B80-C883C56FDF35}
		{6F2AA293-A714-4A50-9A6C-E82D94511E60} = {4F71A9E6-74BF-46D8-8B80-C883C56FDF35}
		{5C89982D-CE45-40AC-ACDA-3E36AB40843E} = {853F1AF2-97CC-449D-A411-80A849FCD23A}
		{E2B2DD50-CF4E-49F1-BDF5-3BEC3D4306DC} = {853F1AF2-97CC-449D-A411-80A849FCD23A}
		{37B8D2D9-7BB3-4CD6-95E6-52C2D5D0588C} = {E2B2DD50-CF4E-49F1-BDF5-3BEC3D4306DC}
		{8127045E-91D9-4E3D-A3AF-B0F578C1690C} = {4F71A9E6-74BF-46D8-8B80-C883C56FDF35}
		{3D9AEAE9-EB4E-42CC-9F15-37E0A69313FB} = {853F1AF2-97CC-449D-A411-80A849FCD23A}
		{9EFE5C74-664F-4DD8-BEF3-8FF07EB04733} = {4F71A9E6-74BF-46D8-8B80-C883C56FDF35}
		{4864FB81-6C8C-4C63-AEDE-AF9FEF6D5901} = {853F1AF2-97CC-449D-A411-80A849FCD23A}
		{80FB7F20-EECA-42C3-BE53-00FAC26DE715} = {E2B2DD50-CF4E-49F1-BDF5-3BEC3D4306DC}
		{C3C961DA-83B3-4F56-9667-E0C9718D158F} = {4F71A9E6-74BF-46D8-8B80-C883C56FDF35}
		{FC607DE8-D16A-4627-A9E5-D69A87986CCA} = {C3C961DA-83B3-4F56-9667-E0C9718D158F}
		{AC65CA59-AB21-4B41-97BD-FF12FE75E520} = {4F71A9E6-74BF-46D8-8B80-C883C56FDF35}
	EndGlobalSection
EndGlobal
